
Microsoft Visual Studio Solution File, Format Version 12.00
# Visual Studio Version 17
VisualStudioVersion = 17.2.32630.192
MinimumVisualStudioVersion = 10.0.40219.1
Project("{FAE04EC0-301F-11D3-BF4B-00C04F79EFBC}") = "Lab2", "Lab2\Lab2.csproj", "{13AC3386-8231-4D36-8C02-D1ECF2E83F04}"
EndProject
Global
	GlobalSection(SolutionConfigurationPlatforms) = preSolution
		Debug|Any CPU = Debug|Any CPU
		Release|Any CPU = Release|Any CPU
	EndGlobalSection
	GlobalSection(ProjectConfigurationPlatforms) = postSolution
		{13AC3386-8231-4D36-8C02-D1ECF2E83F04}.Debug|Any CPU.ActiveCfg = Debug|Any CPU
		{13AC3386-8231-4D36-8C02-D1ECF2E83F04}.Debug|Any CPU.Build.0 = Debug|Any CPU
		{13AC3386-8231-4D36-8C02-D1ECF2E83F04}.Release|Any CPU.ActiveCfg = Release|Any CPU
		{13AC3386-8231-4D36-8C02-D1ECF2E83F04}.Release|Any CPU.Build.0 = Release|Any CPU
	EndGlobalSection
	GlobalSection(SolutionProperties) = preSolution
		HideSolutionNode = FALSE
	EndGlobalSection
	GlobalSection(ExtensibilityGlobals) = postSolution
		SolutionGuid = {4ACB6E6E-AA53-4C23-9B63-834AFCBDC0D5}
	EndGlobalSection
EndGlobal
